{
  "name": "asset-manager-app",
  "version": "1.0.0",
  "lockfileVersion": 1,
  "dependencies": {
    "cordova-plugin-x-toast": {
      "version": "2.6.0",
      "resolved": "https://registry.npmjs.org/cordova-plugin-x-toast/-/cordova-plugin-x-toast-2.6.0.tgz",
      "integrity": "sha1-R3i+y2HjbIlRCRoHWFDCje2PVqU="
    }
  }
}
